
Microsoft Visual Studio Solution File, Format Version 12.00
# Visual Studio 15
VisualStudioVersion = 15.0.28307.902
MinimumVisualStudioVersion = 10.0.40219.1
Project("{FAE04EC0-301F-11D3-BF4B-00C04F79EFBC}") = "MySuperBank", "MySuperBank\MySuperBank.csproj", "{C500DA74-4821-4622-9A55-384D1C82C5C4}"
EndProject
Global
	GlobalSection(SolutionConfigurationPlatforms) = preSolution
		Debug|Any CPU = Debug|Any CPU
		Release|Any CPU = Release|Any CPU
	EndGlobalSection
	GlobalSection(ProjectConfigurationPlatforms) = postSolution
		{C500DA74-4821-4622-9A55-384D1C82C5C4}.Debug|Any CPU.ActiveCfg = Debug|Any CPU
		{C500DA74-4821-4622-9A55-384D1C82C5C4}.Debug|Any CPU.Build.0 = Debug|Any CPU
		{C500DA74-4821-4622-9A55-384D1C82C5C4}.Release|Any CPU.ActiveCfg = Release|Any CPU
		{C500DA74-4821-4622-9A55-384D1C82C5C4}.Release|Any CPU.Build.0 = Release|Any CPU
	EndGlobalSection
	GlobalSection(SolutionProperties) = preSolution
		HideSolutionNode = FALSE
	EndGlobalSection
	GlobalSection(ExtensibilityGlobals) = postSolution
		SolutionGuid = {929EF1EE-8272-4EF4-AC3C-82B28379E0BB}
	EndGlobalSection
EndGlobal
